{
    "_readme": [
        "This file locks the dependencies of your project to a known state",
        "Read more about it at https://getcomposer.org/doc/01-basic-usage.md#composer-lock-the-lock-file",
        "This file is @generated automatically"
    ],
    "hash": "ed5dcc3b5468bdd070a46077f7c73cb3",
    "content-hash": "70dcada8362475d7b89c08f5e9d485de",
    "packages": [
        {
            "name": "aliyuncs/oss-sdk-php",
            "version": "v2.2.4",
            "source": {
                "type": "git",
                "url": "https://github.com/aliyun/aliyun-oss-php-sdk.git",
                "reference": "0b9b85b6c5c38cfc4ef3b0205a5a62d1e36acf2e"
            },
            "dist": {
                "type": "zip",
                "url": "https://files.phpcomposer.com/files/aliyun/aliyun-oss-php-sdk/0b9b85b6c5c38cfc4ef3b0205a5a62d1e36acf2e.zip",
                "reference": "0b9b85b6c5c38cfc4ef3b0205a5a62d1e36acf2e",
                "shasum": ""
            },
            "require": {
                "php": ">=5.3"
            },
            "require-dev": {
                "phpunit/phpunit": "~4.0",
                "satooshi/php-coveralls": "~1.0"
            },
            "type": "library",
            "autoload": {
                "psr-4": {
                    "OSS\\": "src/OSS"
                }
            },
            "notification-url": "https://packagist.org/downloads/",
            "license": [
                "MIT"
            ],
            "authors": [
                {
                    "name": "Aliyuncs",
                    "homepage": "http://www.aliyun.com"
                }
            ],
            "description": "Aliyun OSS SDK for PHP",
            "homepage": "http://www.aliyun.com/product/oss/",
            "time": "2017-04-25 09:15:12"
        }
    ],
    "packages-dev": [],
    "aliases": [],
    "minimum-stability": "stable",
    "stability-flags": [],
    "prefer-stable": false,
    "prefer-lowest": false,
    "platform": [],
    "platform-dev": []
}
